
Microsoft Visual Studio Solution File, Format Version 12.00
# Visual Studio Version 16
VisualStudioVersion = 16.0.30204.135
MinimumVisualStudioVersion = 10.0.40219.1
Project("{9A19103F-16F7-4668-BE54-9A1E7A4F7556}") = "RangeTask", "Range\RangeTask.csproj", "{57A5A744-19AF-4DF9-90E4-4C0208FE670B}"
EndProject
Project("{9A19103F-16F7-4668-BE54-9A1E7A4F7556}") = "ShapeTask", "ShapeTask\ShapeTask.csproj", "{8CC28E8E-AE8E-41CF-A99D-75129527685C}"
EndProject
Project("{9A19103F-16F7-4668-BE54-9A1E7A4F7556}") = "VectorTask", "VectorTask\VectorTask.csproj", "{79E9DB81-4825-4C44-8237-E9627A99FE0B}"
EndProject
Project("{9A19103F-16F7-4668-BE54-9A1E7A4F7556}") = "ArrayListHomeTask", "ArrayListHome\ArrayListHomeTask.csproj", "{8C0ED183-599D-431E-A64F-7CA858732EBD}"
EndProject
Project("{9A19103F-16F7-4668-BE54-9A1E7A4F7556}") = "CsvTask", "CSVTask\CsvTask.csproj", "{1CB01109-2F10-41D8-8E82-7FFF7745E0A6}"
EndProject
Project("{9A19103F-16F7-4668-BE54-9A1E7A4F7556}") = "MatrixTask", "MatrixTask\MatrixTask.csproj", "{389298C8-3A3B-4B64-809D-96324CC0F917}"
	ProjectSection(ProjectDependencies) = postProject
		{79E9DB81-4825-4C44-8237-E9627A99FE0B} = {79E9DB81-4825-4C44-8237-E9627A99FE0B}
	EndProjectSection
EndProject
Project("{9A19103F-16F7-4668-BE54-9A1E7A4F7556}") = "ListTask", "ListTask\ListTask.csproj", "{17D57F1D-FC0F-44F8-BDAC-77091888CE14}"
EndProject
Project("{9A19103F-16F7-4668-BE54-9A1E7A4F7556}") = "LambdaTask", "LambdaTask\LambdaTask.csproj", "{E2B8CA4A-795A-4919-8042-98DD4E31EFEF}"
EndProject
Project("{9A19103F-16F7-4668-BE54-9A1E7A4F7556}") = "HashTableTask", "HashTableTask\HashTableTask.csproj", "{87C530CF-A05A-4D4B-9881-46B69924E163}"
EndProject
Project("{9A19103F-16F7-4668-BE54-9A1E7A4F7556}") = "ArrayListTask", "ArrayListTask\ArrayListTask.csproj", "{3EE5AB3F-B00F-443A-9E1E-A6F2A396544C}"
EndProject
Project("{FAE04EC0-301F-11D3-BF4B-00C04F79EFBC}") = "TemperatureForm", "TemperatureForm\TemperatureForm.csproj", "{C444D3B4-5D43-4D74-88C7-8FB7112B3EF7}"
EndProject
Project("{FAE04EC0-301F-11D3-BF4B-00C04F79EFBC}") = "TaskConfigFile", "TaskConfigFile\TaskConfigFile.csproj", "{B0C263CA-9709-43E3-A578-851036427447}"
EndProject
Project("{FAE04EC0-301F-11D3-BF4B-00C04F79EFBC}") = "TestLibrary", "TestLibrary\TestLibrary.csproj", "{C18719A7-0214-48E6-A4B0-6AE800DF891F}"
EndProject
Project("{9A19103F-16F7-4668-BE54-9A1E7A4F7556}") = "ExcelTask", "ExcelTask\ExcelTask.csproj", "{AD3D1A30-F298-43FA-B542-927E7DD2FC47}"
EndProject
Project("{9A19103F-16F7-4668-BE54-9A1E7A4F7556}") = "ConsoleApp1", "ConsoleApp1\ConsoleApp1.csproj", "{2E4F199E-7CCA-4B51-91B5-DFCF46C80A4A}"
EndProject
Project("{9A19103F-16F7-4668-BE54-9A1E7A4F7556}") = "JsonTask", "JsonTask\JsonTask.csproj", "{7960579F-2C24-43F1-BB5C-F57E32DB89F6}"
EndProject
Project("{9A19103F-16F7-4668-BE54-9A1E7A4F7556}") = "LogTask", "LogTask\LogTask.csproj", "{D39AE469-6B99-45AC-B6FF-9E3375B41C43}"
EndProject
Project("{FAE04EC0-301F-11D3-BF4B-00C04F79EFBC}") = "NUnitTest", "NUnitTest\NUnitTest.csproj", "{BBD67FE7-A72F-442C-8B4D-03F3AE591623}"
EndProject
Global
	GlobalSection(SolutionConfigurationPlatforms) = preSolution
		Debug|Any CPU = Debug|Any CPU
		Release|Any CPU = Release|Any CPU
	EndGlobalSection
	GlobalSection(ProjectConfigurationPlatforms) = postSolution
		{57A5A744-19AF-4DF9-90E4-4C0208FE670B}.Debug|Any CPU.ActiveCfg = Debug|Any CPU
		{57A5A744-19AF-4DF9-90E4-4C0208FE670B}.Debug|Any CPU.Build.0 = Debug|Any CPU
		{57A5A744-19AF-4DF9-90E4-4C0208FE670B}.Release|Any CPU.ActiveCfg = Release|Any CPU
		{57A5A744-19AF-4DF9-90E4-4C0208FE670B}.Release|Any CPU.Build.0 = Release|Any CPU
		{8CC28E8E-AE8E-41CF-A99D-75129527685C}.Debug|Any CPU.ActiveCfg = Debug|Any CPU
		{8CC28E8E-AE8E-41CF-A99D-75129527685C}.Debug|Any CPU.Build.0 = Debug|Any CPU
		{8CC28E8E-AE8E-41CF-A99D-75129527685C}.Release|Any CPU.ActiveCfg = Release|Any CPU
		{8CC28E8E-AE8E-41CF-A99D-75129527685C}.Release|Any CPU.Build.0 = Release|Any CPU
		{79E9DB81-4825-4C44-8237-E9627A99FE0B}.Debug|Any CPU.ActiveCfg = Debug|Any CPU
		{79E9DB81-4825-4C44-8237-E9627A99FE0B}.Debug|Any CPU.Build.0 = Debug|Any CPU
		{79E9DB81-4825-4C44-8237-E9627A99FE0B}.Release|Any CPU.ActiveCfg = Release|Any CPU
		{79E9DB81-4825-4C44-8237-E9627A99FE0B}.Release|Any CPU.Build.0 = Release|Any CPU
		{8C0ED183-599D-431E-A64F-7CA858732EBD}.Debug|Any CPU.ActiveCfg = Debug|Any CPU
		{8C0ED183-599D-431E-A64F-7CA858732EBD}.Debug|Any CPU.Build.0 = Debug|Any CPU
		{8C0ED183-599D-431E-A64F-7CA858732EBD}.Release|Any CPU.ActiveCfg = Release|Any CPU
		{8C0ED183-599D-431E-A64F-7CA858732EBD}.Release|Any CPU.Build.0 = Release|Any CPU
		{1CB01109-2F10-41D8-8E82-7FFF7745E0A6}.Debug|Any CPU.ActiveCfg = Debug|Any CPU
		{1CB01109-2F10-41D8-8E82-7FFF7745E0A6}.Debug|Any CPU.Build.0 = Debug|Any CPU
		{1CB01109-2F10-41D8-8E82-7FFF7745E0A6}.Release|Any CPU.ActiveCfg = Release|Any CPU
		{1CB01109-2F10-41D8-8E82-7FFF7745E0A6}.Release|Any CPU.Build.0 = Release|Any CPU
		{389298C8-3A3B-4B64-809D-96324CC0F917}.Debug|Any CPU.ActiveCfg = Debug|Any CPU
		{389298C8-3A3B-4B64-809D-96324CC0F917}.Debug|Any CPU.Build.0 = Debug|Any CPU
		{389298C8-3A3B-4B64-809D-96324CC0F917}.Release|Any CPU.ActiveCfg = Release|Any CPU
		{389298C8-3A3B-4B64-809D-96324CC0F917}.Release|Any CPU.Build.0 = Release|Any CPU
		{17D57F1D-FC0F-44F8-BDAC-77091888CE14}.Debug|Any CPU.ActiveCfg = Debug|Any CPU
		{17D57F1D-FC0F-44F8-BDAC-77091888CE14}.Debug|Any CPU.Build.0 = Debug|Any CPU
		{17D57F1D-FC0F-44F8-BDAC-77091888CE14}.Release|Any CPU.ActiveCfg = Release|Any CPU
		{17D57F1D-FC0F-44F8-BDAC-77091888CE14}.Release|Any CPU.Build.0 = Release|Any CPU
		{E2B8CA4A-795A-4919-8042-98DD4E31EFEF}.Debug|Any CPU.ActiveCfg = Debug|Any CPU
		{E2B8CA4A-795A-4919-8042-98DD4E31EFEF}.Debug|Any CPU.Build.0 = Debug|Any CPU
		{E2B8CA4A-795A-4919-8042-98DD4E31EFEF}.Release|Any CPU.ActiveCfg = Release|Any CPU
		{E2B8CA4A-795A-4919-8042-98DD4E31EFEF}.Release|Any CPU.Build.0 = Release|Any CPU
		{87C530CF-A05A-4D4B-9881-46B69924E163}.Debug|Any CPU.ActiveCfg = Debug|Any CPU
		{87C530CF-A05A-4D4B-9881-46B69924E163}.Debug|Any CPU.Build.0 = Debug|Any CPU
		{87C530CF-A05A-4D4B-9881-46B69924E163}.Release|Any CPU.ActiveCfg = Release|Any CPU
		{87C530CF-A05A-4D4B-9881-46B69924E163}.Release|Any CPU.Build.0 = Release|Any CPU
		{3EE5AB3F-B00F-443A-9E1E-A6F2A396544C}.Debug|Any CPU.ActiveCfg = Debug|Any CPU
		{3EE5AB3F-B00F-443A-9E1E-A6F2A396544C}.Debug|Any CPU.Build.0 = Debug|Any CPU
		{3EE5AB3F-B00F-443A-9E1E-A6F2A396544C}.Release|Any CPU.ActiveCfg = Release|Any CPU
		{3EE5AB3F-B00F-443A-9E1E-A6F2A396544C}.Release|Any CPU.Build.0 = Release|Any CPU
		{C444D3B4-5D43-4D74-88C7-8FB7112B3EF7}.Debug|Any CPU.ActiveCfg = Debug|Any CPU
		{C444D3B4-5D43-4D74-88C7-8FB7112B3EF7}.Debug|Any CPU.Build.0 = Debug|Any CPU
		{C444D3B4-5D43-4D74-88C7-8FB7112B3EF7}.Release|Any CPU.ActiveCfg = Release|Any CPU
		{C444D3B4-5D43-4D74-88C7-8FB7112B3EF7}.Release|Any CPU.Build.0 = Release|Any CPU
		{B0C263CA-9709-43E3-A578-851036427447}.Debug|Any CPU.ActiveCfg = Debug|Any CPU
		{B0C263CA-9709-43E3-A578-851036427447}.Debug|Any CPU.Build.0 = Debug|Any CPU
		{B0C263CA-9709-43E3-A578-851036427447}.Release|Any CPU.ActiveCfg = Release|Any CPU
		{B0C263CA-9709-43E3-A578-851036427447}.Release|Any CPU.Build.0 = Release|Any CPU
		{C18719A7-0214-48E6-A4B0-6AE800DF891F}.Debug|Any CPU.ActiveCfg = Debug|Any CPU
		{C18719A7-0214-48E6-A4B0-6AE800DF891F}.Debug|Any CPU.Build.0 = Debug|Any CPU
		{C18719A7-0214-48E6-A4B0-6AE800DF891F}.Release|Any CPU.ActiveCfg = Release|Any CPU
		{C18719A7-0214-48E6-A4B0-6AE800DF891F}.Release|Any CPU.Build.0 = Release|Any CPU
		{AD3D1A30-F298-43FA-B542-927E7DD2FC47}.Debug|Any CPU.ActiveCfg = Debug|Any CPU
		{AD3D1A30-F298-43FA-B542-927E7DD2FC47}.Debug|Any CPU.Build.0 = Debug|Any CPU
		{AD3D1A30-F298-43FA-B542-927E7DD2FC47}.Release|Any CPU.ActiveCfg = Release|Any CPU
		{AD3D1A30-F298-43FA-B542-927E7DD2FC47}.Release|Any CPU.Build.0 = Release|Any CPU
		{2E4F199E-7CCA-4B51-91B5-DFCF46C80A4A}.Debug|Any CPU.ActiveCfg = Debug|Any CPU
		{2E4F199E-7CCA-4B51-91B5-DFCF46C80A4A}.Debug|Any CPU.Build.0 = Debug|Any CPU
		{2E4F199E-7CCA-4B51-91B5-DFCF46C80A4A}.Release|Any CPU.ActiveCfg = Release|Any CPU
		{2E4F199E-7CCA-4B51-91B5-DFCF46C80A4A}.Release|Any CPU.Build.0 = Release|Any CPU
		{7960579F-2C24-43F1-BB5C-F57E32DB89F6}.Debug|Any CPU.ActiveCfg = Debug|Any CPU
		{7960579F-2C24-43F1-BB5C-F57E32DB89F6}.Debug|Any CPU.Build.0 = Debug|Any CPU
		{7960579F-2C24-43F1-BB5C-F57E32DB89F6}.Release|Any CPU.ActiveCfg = Release|Any CPU
		{7960579F-2C24-43F1-BB5C-F57E32DB89F6}.Release|Any CPU.Build.0 = Release|Any CPU
		{D39AE469-6B99-45AC-B6FF-9E3375B41C43}.Debug|Any CPU.ActiveCfg = Debug|Any CPU
		{D39AE469-6B99-45AC-B6FF-9E3375B41C43}.Debug|Any CPU.Build.0 = Debug|Any CPU
		{D39AE469-6B99-45AC-B6FF-9E3375B41C43}.Release|Any CPU.ActiveCfg = Release|Any CPU
		{D39AE469-6B99-45AC-B6FF-9E3375B41C43}.Release|Any CPU.Build.0 = Release|Any CPU
		{BBD67FE7-A72F-442C-8B4D-03F3AE591623}.Debug|Any CPU.ActiveCfg = Debug|Any CPU
		{BBD67FE7-A72F-442C-8B4D-03F3AE591623}.Debug|Any CPU.Build.0 = Debug|Any CPU
		{BBD67FE7-A72F-442C-8B4D-03F3AE591623}.Release|Any CPU.ActiveCfg = Release|Any CPU
		{BBD67FE7-A72F-442C-8B4D-03F3AE591623}.Release|Any CPU.Build.0 = Release|Any CPU
	EndGlobalSection
	GlobalSection(SolutionProperties) = preSolution
		HideSolutionNode = FALSE
	EndGlobalSection
	GlobalSection(ExtensibilityGlobals) = postSolution
		SolutionGuid = {BD4E3773-E93C-469A-A6D1-4BA0F52FEC5D}
	EndGlobalSection
EndGlobal
